# THIS IS AN AUTOGENERATED FILE. DO NOT EDIT THIS FILE DIRECTLY.
# yarn lockfile v1


"@esbuild/android-arm64@0.17.0":
  version "0.17.0"
  resolved "https://registry.yarnpkg.com/@esbuild/android-arm64/-/android-arm64-0.17.0.tgz#dd4c28274f08a16be95430d19fc0dab835fd2eae"
  integrity sha512-77GVyD7ToESy/7+9eI8z62GGBdS/hsqsrpM+JA4kascky86wHbN29EEFpkVvxajPL7k6mbLJ5VBQABdj7n9FhQ==

"@esbuild/android-arm@0.17.0":
  version "0.17.0"
  resolved "https://registry.yarnpkg.com/@esbuild/android-arm/-/android-arm-0.17.0.tgz#10d289617902f877a28f9f7913f4f54a4e699875"
  integrity sha512-hlbX5ym1V5kIKvnwFhm6rhar7MNqfJrZyYTNfk6+WS1uQfQmszFgXeyPH2beP3lSCumZyqX0zMBfOqftOpZ7GA==

"@esbuild/android-x64@0.17.0":
  version "0.17.0"
  resolved "https://registry.yarnpkg.com/@esbuild/android-x64/-/android-x64-0.17.0.tgz#b0c124e434cec1a6551b400850458c860a30ecb4"
  integrity sha512-TroxZdZhtAz0JyD0yahtjcbKuIXrBEAoAazaYSeR2e2tUtp9uXrcbpwFJF6oxxOiOOne6y7l4hx4YVnMW/tdFw==

"@esbuild/darwin-arm64@0.17.0":
  version "0.17.0"
  resolved "https://registry.yarnpkg.com/@esbuild/darwin-arm64/-/darwin-arm64-0.17.0.tgz#4a1b65e756cc29e8d68a5ace0a2eb1c63614a767"
  integrity sha512-wP/v4cgdWt1m8TS/WmbaBc3NZON10eCbm6XepdVc3zJuqruHCzCKcC9dTSTEk50zX04REcRcbIbdhTMciQoFIg==

"@esbuild/darwin-x64@0.17.0":
  version "0.17.0"
  resolved "https://registry.yarnpkg.com/@esbuild/darwin-x64/-/darwin-x64-0.17.0.tgz#9a59890391f17cd3998d2c7959ea70a1aad28c93"
  integrity sha512-R4WB6D6V9KGO/3LVTT8UlwRJO26IBFatOdo/bRXksfJR0vyOi2/lgmAAMBSpgcnnwvts9QsWiyM++mTTlwRseA==

"@esbuild/freebsd-arm64@0.17.0":
  version "0.17.0"
  resolved "https://registry.yarnpkg.com/@esbuild/freebsd-arm64/-/freebsd-arm64-0.17.0.tgz#3412ffa1703c991b4d562176881fb43a9ee6f7e3"
  integrity sha512-FO7+UEZv79gen2df8StFYFHZPI9ADozpFepLZCxY+O8sYLDa1rirvenmLwJiOHmeQRJ5orYedFeLk1PFlZ6t8Q==

"@esbuild/freebsd-x64@0.17.0":
  version "0.17.0"
  resolved "https://registry.yarnpkg.com/@esbuild/freebsd-x64/-/freebsd-x64-0.17.0.tgz#427f2a07c997fb30f1a8906b070e28959f38f1e2"
  integrity sha512-qCsNRsVTaC3ekwZcb2sa7l1gwCtJK3EqCWyDgpoQocYf3lRpbAzaCvqZSF2+NOO64cV+JbedXPsFiXU1aaVcIg==

"@esbuild/linux-arm64@0.17.0":
  version "0.17.0"
  resolved "https://registry.yarnpkg.com/@esbuild/linux-arm64/-/linux-arm64-0.17.0.tgz#0e32c6a6b290406b1203854c2d594987570dd66c"
  integrity sha512-js4Vlch5XJQYISbDVJd2hsI/MsfVUz6d/FrclCE73WkQmniH37vFpuQI42ntWAeBghDIfaPZ6f9GilhwGzVFUg==

"@esbuild/linux-arm@0.17.0":
  version "0.17.0"
  resolved "https://registry.yarnpkg.com/@esbuild/linux-arm/-/linux-arm-0.17.0.tgz#5a70a95bf336035884dee123b5453aeab9c608f3"
  integrity sha512-Y2G2NU6155gcfNKvrakVmZV5xUAEhXjsN/uKtbKKRnvee0mHUuaT3OdQJDJKjHVGr6B0898pc3slRpI1PqspoQ==

"@esbuild/linux-ia32@0.17.0":
  version "0.17.0"
  resolved "https://registry.yarnpkg.com/@esbuild/linux-ia32/-/linux-ia32-0.17.0.tgz#47baca8e733405a81952bcc475da1b8e5682915f"
  integrity sha512-7tl/jSPkF59R3zeFDB2/09zLGhcM7DM+tCoOqjJbQjuL6qbMWomGT2RglCqRFpCSdzBx0hukmPPgUAMlmdj0sQ==

"@esbuild/linux-loong64@0.17.0":
  version "0.17.0"
  resolved "https://registry.yarnpkg.com/@esbuild/linux-loong64/-/linux-loong64-0.17.0.tgz#809398ca125ba3b57d4d12d261f2471ac32b1edb"
  integrity sha512-OG356F7dIVVF+EXJx5UfzFr1I5l6ES53GlMNSr3U1MhlaVyrP9um5PnrSJ+7TSDAzUC7YGjxb2GQWqHLd5XFoA==

"@esbuild/linux-mips64el@0.17.0":
  version "0.17.0"
  resolved "https://registry.yarnpkg.com/@esbuild/linux-mips64el/-/linux-mips64el-0.17.0.tgz#94b50097a3421ff538eb6a41cd4fb5db4c4993ff"
  integrity sha512-LWQJgGpxrjh2x08UYf6G5R+Km7zhkpCvKXtFQ6SX0fimDvy1C8kslgFHGxLS0wjGV8C4BNnENW/HNy57+RB7iA==

"@esbuild/linux-ppc64@0.17.0":
  version "0.17.0"
  resolved "https://registry.yarnpkg.com/@esbuild/linux-ppc64/-/linux-ppc64-0.17.0.tgz#3a580bc8b494d3b273cf08a3bb0d893b31b786ae"
  integrity sha512-f40N8fKiTQslUcUuhof2/syOQ+DC9Mqdnm9d063pew+Ptv9r6dBNLQCz4300MOfCLAbb0SdnrcMSzHbMehXWLw==

"@esbuild/linux-riscv64@0.17.0":
  version "0.17.0"
  resolved "https://registry.yarnpkg.com/@esbuild/linux-riscv64/-/linux-riscv64-0.17.0.tgz#bf75f769e5fa35d143bc5759520e4277b3a95bcc"
  integrity sha512-sc/pvLexRvxgEbmeq7LfLGnzUBFi/E2MGbnQj3CG8tnQ90tWPTi+9CbZEgIADhj6CAlCCmqxpUclIV1CRVUOTw==

"@esbuild/linux-s390x@0.17.0":
  version "0.17.0"
  resolved "https://registry.yarnpkg.com/@esbuild/linux-s390x/-/linux-s390x-0.17.0.tgz#ad6569476d6751cc9255fe059a5e074a08dd3e27"
  integrity sha512-7xq9/kY0vunCL2vjHKdHGI+660pCdeEC6K6TWBVvbTGXvT8s/qacfxMgr8PCeQRbNUZLOA13G6/G1+c0lYXO1A==

"@esbuild/linux-x64@0.17.0":
  version "0.17.0"
  resolved "https://registry.yarnpkg.com/@esbuild/linux-x64/-/linux-x64-0.17.0.tgz#7e38c248b8c9f39240c0914872f93893bde7182a"
  integrity sha512-o7FhBLONk1mLT2ytlj/j/WuJcPdhWcVpysSJn1s9+zRdLwLKveipbPi5SIasJIqMq0T4CkQW76pxJYMqz9HrQA==

"@esbuild/netbsd-x64@0.17.0":
  version "0.17.0"
  resolved "https://registry.yarnpkg.com/@esbuild/netbsd-x64/-/netbsd-x64-0.17.0.tgz#46e770aa6a14dad73d2cdf6a9521585eca1005ef"
  integrity sha512-V6xXsv71b8vwFCW/ky82Rs//SbyA+ORty6A7Mzkg33/4NbYZ/1Vcbk7qAN5oi0i/gS4Q0+7dYT7NqaiVZ7+Xjw==

"@esbuild/openbsd-x64@0.17.0":
  version "0.17.0"
  resolved "https://registry.yarnpkg.com/@esbuild/openbsd-x64/-/openbsd-x64-0.17.0.tgz#5d4070663448db20d3de42f7a44a2c2dd0cac847"
  integrity sha512-StlQor6A0Y9SSDxraytr46Qbz25zsSDmsG3MCaNkBnABKHP3QsngOCfdBikqHVVrXeK0KOTmtX92/ncTGULYgQ==

"@esbuild/sunos-x64@0.17.0":
  version "0.17.0"
  resolved "https://registry.yarnpkg.com/@esbuild/sunos-x64/-/sunos-x64-0.17.0.tgz#4a77dbf1691ce2fd9aba69f58248d46f3e28f98b"
  integrity sha512-K64Wqw57j8KrwjR3QjsuzN/qDGK6Cno6QYtIlWAmGab5iYPBZCWz7HFtF2a86/130LmUsdXqOID7J0SmjjRFIQ==

"@esbuild/win32-arm64@0.17.0":
  version "0.17.0"
  resolved "https://registry.yarnpkg.com/@esbuild/win32-arm64/-/win32-arm64-0.17.0.tgz#9b7cb6839240cd4408fbca6565c6a08e277d73bb"
  integrity sha512-hly6iSWAf0hf3aHD18/qW7iFQbg9KAQ0RFGG9plcxkhL4uGw43O+lETGcSO/PylNleFowP/UztpF6U4oCYgpPw==

"@esbuild/win32-ia32@0.17.0":
  version "0.17.0"
  resolved "https://registry.yarnpkg.com/@esbuild/win32-ia32/-/win32-ia32-0.17.0.tgz#059a1651b830bfc188920487badd12a8e1b8f050"
  integrity sha512-aL4EWPh0nyC5uYRfn+CHkTgawd4DjtmwquthNDmGf6Ht6+mUc+bQXyZNH1QIw8x20hSqFc4Tf36aLLWP/TPR3g==

"@esbuild/win32-x64@0.17.0":
  version "0.17.0"
  resolved "https://registry.yarnpkg.com/@esbuild/win32-x64/-/win32-x64-0.17.0.tgz#d2253fef7e7cd11f010f688fa4f5ebb2875f34c1"
  integrity sha512-W6IIQ9Rt43I/GqfXeBFLk0TvowKBoirs9sw2LPfhHax6ayMlW5PhFzSJ76I1ac9Pk/aRcSMrHWvVyZs8ZPK2wA==

"@jridgewell/sourcemap-codec@^1.4.13":
  version "1.4.14"
  resolved "https://registry.yarnpkg.com/@jridgewell/sourcemap-codec/-/sourcemap-codec-1.4.14.tgz#add4c98d341472a289190b424efbdb096991bb24"
  integrity sha512-XPSJHWmi394fuUuzDnGz1wiKqWfo1yXecHQMRf2l6hztTO+nPru658AyDngaBe7isIxEkRsPR3FZh+s7iVa4Uw==

"@rollup/plugin-commonjs@24.0.0":
  version "24.0.0"
  resolved "https://registry.yarnpkg.com/@rollup/plugin-commonjs/-/plugin-commonjs-24.0.0.tgz#fb7cf4a6029f07ec42b25daa535c75b05a43f75c"
  integrity sha512-0w0wyykzdyRRPHOb0cQt14mIBLujfAv6GgP6g8nvg/iBxEm112t3YPPq+Buqe2+imvElTka+bjNlJ/gB56TD8g==
  dependencies:
    "@rollup/pluginutils" "^5.0.1"
    commondir "^1.0.1"
    estree-walker "^2.0.2"
    glob "^8.0.3"
    is-reference "1.2.1"
    magic-string "^0.27.0"

"@rollup/plugin-json@^6.0.0":
  version "6.0.0"
  resolved "https://registry.yarnpkg.com/@rollup/plugin-json/-/plugin-json-6.0.0.tgz#199fea6670fd4dfb1f4932250569b14719db234a"
  integrity sha512-i/4C5Jrdr1XUarRhVu27EEwjt4GObltD7c+MkCIpO2QIbojw8MUs+CCTqOphQi3Qtg1FLmYt+l+6YeoIf51J7w==
  dependencies:
    "@rollup/pluginutils" "^5.0.1"

"@rollup/plugin-node-resolve@15.0.1":
  version "15.0.1"
  resolved "https://registry.yarnpkg.com/@rollup/plugin-node-resolve/-/plugin-node-resolve-15.0.1.tgz#72be449b8e06f6367168d5b3cd5e2802e0248971"
  integrity sha512-ReY88T7JhJjeRVbfCyNj+NXAG3IIsVMsX9b5/9jC98dRP8/yxlZdz7mHZbHk5zHr24wZZICS5AcXsFZAXYUQEg==
  dependencies:
    "@rollup/pluginutils" "^5.0.1"
    "@types/resolve" "1.20.2"
    deepmerge "^4.2.2"
    is-builtin-module "^3.2.0"
    is-module "^1.0.0"
    resolve "^1.22.1"

"@rollup/pluginutils@^5.0.1":
  version "5.0.2"
  resolved "https://registry.yarnpkg.com/@rollup/pluginutils/-/pluginutils-5.0.2.tgz#012b8f53c71e4f6f9cb317e311df1404f56e7a33"
  integrity sha512-pTd9rIsP92h+B6wWwFbW8RkZv4hiR/xKsqre4SIuAOaOEQRxi0lqLke9k2/7WegC85GgUs9pjmOjCUi3In4vwA==
  dependencies:
    "@types/estree" "^1.0.0"
    estree-walker "^2.0.2"
    picomatch "^2.3.1"

"@types/estree@*", "@types/estree@^1.0.0":
  version "1.0.0"
  resolved "https://registry.yarnpkg.com/@types/estree/-/estree-1.0.0.tgz#5fb2e536c1ae9bf35366eed879e827fa59ca41c2"
  integrity sha512-WulqXMDUTYAXCjZnk6JtIHPigp55cVtDgDrO2gHRwhyJto21+1zbVCtOYB2L1F9w4qCQ0rOGWBnBe0FNTiEJIQ==

"@types/resolve@1.20.2":
  version "1.20.2"
  resolved "https://registry.yarnpkg.com/@types/resolve/-/resolve-1.20.2.tgz#97d26e00cd4a0423b4af620abecf3e6f442b7975"
  integrity sha512-60BCwRFOZCQhDncwQdxxeOEEkbc5dIMccYLwbxsS4TUNeVECQ/pBJ0j09mrHOl/JJvpRPGwO9SvE4nR2Nb/a4Q==

balanced-match@^1.0.0:
  version "1.0.2"
  resolved "https://registry.yarnpkg.com/balanced-match/-/balanced-match-1.0.2.tgz#e83e3a7e3f300b34cb9d87f615fa0cbf357690ee"
  integrity sha512-3oSeUO0TMV67hN1AmbXsK4yaqU7tjiHlbxRDZOpH0KW9+CeX4bRAaX0Anxt0tx2MrpRpWwQaPwIlISEJhYU5Pw==

brace-expansion@^2.0.1:
  version "2.0.1"
  resolved "https://registry.yarnpkg.com/brace-expansion/-/brace-expansion-2.0.1.tgz#1edc459e0f0c548486ecf9fc99f2221364b9a0ae"
  integrity sha512-XnAIvQ8eM+kC6aULx6wuQiwVsnzsi9d3WxzV3FpWTGA19F621kwdbsAcFKXgKUHZWsy+mY6iL1sHTxWEFCytDA==
  dependencies:
    balanced-match "^1.0.0"

builtin-modules@^3.3.0:
  version "3.3.0"
  resolved "https://registry.yarnpkg.com/builtin-modules/-/builtin-modules-3.3.0.tgz#cae62812b89801e9656336e46223e030386be7b6"
  integrity sha512-zhaCDicdLuWN5UbN5IMnFqNMhNfo919sH85y2/ea+5Yg9TsTkeZxpL+JLbp6cgYFS4sRLp3YV4S6yDuqVWHYOw==

commondir@^1.0.1:
  version "1.0.1"
  resolved "https://registry.yarnpkg.com/commondir/-/commondir-1.0.1.tgz#ddd800da0c66127393cca5950ea968a3aaf1253b"
  integrity sha512-W9pAhw0ja1Edb5GVdIF1mjZw/ASI0AlShXM83UUGe2DVr5TdAPEA1OA8m/g8zWp9x6On7gqufY+FatDbC3MDQg==

debug@^4.3.4:
  version "4.3.4"
  resolved "https://registry.yarnpkg.com/debug/-/debug-4.3.4.tgz#1319f6579357f2338d3337d2cdd4914bb5dcc865"
  integrity sha512-PRWFHuSU3eDtQJPvnNY7Jcket1j0t5OuOsFzPPzsekD52Zl8qUfFIPEiswXqIvHWGVHOgX+7G/vCNNhehwxfkQ==
  dependencies:
    ms "2.1.2"

deepmerge@^4.2.2:
  version "4.2.2"
  resolved "https://registry.yarnpkg.com/deepmerge/-/deepmerge-4.2.2.tgz#44d2ea3679b8f4d4ffba33f03d865fc1e7bf4955"
  integrity sha512-FJ3UgI4gIl+PHZm53knsuSFpE+nESMr7M4v9QcgB7S63Kj/6WqMiFQJpBBYz1Pt+66bZpP3Q7Lye0Oo9MPKEdg==

es-module-lexer@^1.0.5:
  version "1.1.0"
  resolved "https://registry.yarnpkg.com/es-module-lexer/-/es-module-lexer-1.1.0.tgz#bf56a09b5f1c6aea6ba231b0a636a0f60c410b70"
  integrity sha512-fJg+1tiyEeS8figV+fPcPpm8WqJEflG3yPU0NOm5xMvrNkuiy7HzX/Ljng4Y0hAoiw4/3hQTCFYw+ub8+a2pRA==

esbuild@^0.17.0:
  version "0.17.0"
  resolved "https://registry.yarnpkg.com/esbuild/-/esbuild-0.17.0.tgz#fcf19373d1d546bdbec1557276284c0e6350380b"
  integrity sha512-4yGk3rD95iS/wGzrx0Ji5czZcx1j2wvfF1iAJaX2FIYLB6sU6wYkDeplpZHzfwQw2yXGXsAoxmO6LnMQkl04Kg==
  optionalDependencies:
    "@esbuild/android-arm" "0.17.0"
    "@esbuild/android-arm64" "0.17.0"
    "@esbuild/android-x64" "0.17.0"
    "@esbuild/darwin-arm64" "0.17.0"
    "@esbuild/darwin-x64" "0.17.0"
    "@esbuild/freebsd-arm64" "0.17.0"
    "@esbuild/freebsd-x64" "0.17.0"
    "@esbuild/linux-arm" "0.17.0"
    "@esbuild/linux-arm64" "0.17.0"
    "@esbuild/linux-ia32" "0.17.0"
    "@esbuild/linux-loong64" "0.17.0"
    "@esbuild/linux-mips64el" "0.17.0"
    "@esbuild/linux-ppc64" "0.17.0"
    "@esbuild/linux-riscv64" "0.17.0"
    "@esbuild/linux-s390x" "0.17.0"
    "@esbuild/linux-x64" "0.17.0"
    "@esbuild/netbsd-x64" "0.17.0"
    "@esbuild/openbsd-x64" "0.17.0"
    "@esbuild/sunos-x64" "0.17.0"
    "@esbuild/win32-arm64" "0.17.0"
    "@esbuild/win32-ia32" "0.17.0"
    "@esbuild/win32-x64" "0.17.0"

estree-walker@^2.0.2:
  version "2.0.2"
  resolved "https://registry.yarnpkg.com/estree-walker/-/estree-walker-2.0.2.tgz#52f010178c2a4c117a7757cfe942adb7d2da4cac"
  integrity sha512-Rfkk/Mp/DL7JVje3u18FxFujQlTNR2q6QfMSMB7AvCBx91NGj/ba3kCfza0f6dVDbw7YlRf/nDrn7pQrCCyQ/w==

fs.realpath@^1.0.0:
  version "1.0.0"
  resolved "https://registry.yarnpkg.com/fs.realpath/-/fs.realpath-1.0.0.tgz#1504ad2523158caa40db4a2787cb01411994ea4f"
  integrity sha512-OO0pH2lK6a0hZnAdau5ItzHPI6pUlvI7jMVnxUQRtw4owF2wk8lOSabtGDCTP4Ggrg2MbGnWO9X8K1t4+fGMDw==

fsevents@~2.3.2:
  version "2.3.2"
  resolved "https://registry.yarnpkg.com/fsevents/-/fsevents-2.3.2.tgz#8a526f78b8fdf4623b709e0b975c52c24c02fd1a"
  integrity sha512-xiqMQR4xAeHTuB9uWm+fFRcIOgKBMiOBP+eXiyT7jsgVCq1bkVygt00oASowB7EdtpOHaaPgKt812P9ab+DDKA==

function-bind@^1.1.1:
  version "1.1.1"
  resolved "https://registry.yarnpkg.com/function-bind/-/function-bind-1.1.1.tgz#a56899d3ea3c9bab874bb9773b7c5ede92f4895d"
  integrity sha512-yIovAzMX49sF8Yl58fSCWJ5svSLuaibPxXQJFLmBObTuCr0Mf1KiPopGM9NiFjiYBCbfaa2Fh6breQ6ANVTI0A==

glob@^8.0.3:
  version "8.1.0"
  resolved "https://registry.yarnpkg.com/glob/-/glob-8.1.0.tgz#d388f656593ef708ee3e34640fdfb99a9fd1c33e"
  integrity sha512-r8hpEjiQEYlF2QU0df3dS+nxxSIreXQS1qRhMJM0Q5NDdR386C7jb7Hwwod8Fgiuex+k0GFjgft18yvxm5XoCQ==
  dependencies:
    fs.realpath "^1.0.0"
    inflight "^1.0.4"
    inherits "2"
    minimatch "^5.0.1"
    once "^1.3.0"

has@^1.0.3:
  version "1.0.3"
  resolved "https://registry.yarnpkg.com/has/-/has-1.0.3.tgz#722d7cbfc1f6aa8241f16dd814e011e1f41e8796"
  integrity sha512-f2dvO0VU6Oej7RkWJGrehjbzMAjFp5/VKPp5tTpWIV4JHHZK1/BxbFRtf/siA2SWTe09caDmVtYYzWEIbBS4zw==
  dependencies:
    function-bind "^1.1.1"

inflight@^1.0.4:
  version "1.0.6"
  resolved "https://registry.yarnpkg.com/inflight/-/inflight-1.0.6.tgz#49bd6331d7d02d0c09bc910a1075ba8165b56df9"
  integrity sha512-k92I/b08q4wvFscXCLvqfsHCrjrF7yiXsQuIVvVE7N82W3+aqpzuUdBbfhWcy/FZR3/4IgflMgKLOsvPDrGCJA==
  dependencies:
    once "^1.3.0"
    wrappy "1"

inherits@2:
  version "2.0.4"
  resolved "https://registry.yarnpkg.com/inherits/-/inherits-2.0.4.tgz#0fa2c64f932917c3433a0ded55363aae37416b7c"
  integrity sha512-k/vGaX4/Yla3WzyMCvTQOXYeIHvqOKtnqBduzTHpzpQZzAskKMhZ2K+EnBiSM9zGSoIFeMpXKxa4dYeZIQqewQ==

is-builtin-module@^3.2.0:
  version "3.2.0"
  resolved "https://registry.yarnpkg.com/is-builtin-module/-/is-builtin-module-3.2.0.tgz#bb0310dfe881f144ca83f30100ceb10cf58835e0"
  integrity sha512-phDA4oSGt7vl1n5tJvTWooWWAsXLY+2xCnxNqvKhGEzujg+A43wPlPOyDg3C8XQHN+6k/JTQWJ/j0dQh/qr+Hw==
  dependencies:
    builtin-modules "^3.3.0"

is-core-module@^2.9.0:
  version "2.11.0"
  resolved "https://registry.yarnpkg.com/is-core-module/-/is-core-module-2.11.0.tgz#ad4cb3e3863e814523c96f3f58d26cc570ff0144"
  integrity sha512-RRjxlvLDkD1YJwDbroBHMb+cukurkDWNyHx7D3oNB5x9rb5ogcksMC5wHCadcXoo67gVr/+3GFySh3134zi6rw==
  dependencies:
    has "^1.0.3"

is-module@^1.0.0:
  version "1.0.0"
  resolved "https://registry.yarnpkg.com/is-module/-/is-module-1.0.0.tgz#3258fb69f78c14d5b815d664336b4cffb6441591"
  integrity sha512-51ypPSPCoTEIN9dy5Oy+h4pShgJmPCygKfyRCISBI+JoWT/2oJvK8QPxmwv7b/p239jXrm9M1mlQbyKJ5A152g==

is-reference@1.2.1:
  version "1.2.1"
  resolved "https://registry.yarnpkg.com/is-reference/-/is-reference-1.2.1.tgz#8b2dac0b371f4bc994fdeaba9eb542d03002d0b7"
  integrity sha512-U82MsXXiFIrjCK4otLT+o2NA2Cd2g5MLoOVXUZjIOhLurrRxpEXzI8O0KZHr3IjLvlAH1kTPYSuqer5T9ZVBKQ==
  dependencies:
    "@types/estree" "*"

joycon@^3.1.1:
  version "3.1.1"
  resolved "https://registry.yarnpkg.com/joycon/-/joycon-3.1.1.tgz#bce8596d6ae808f8b68168f5fc69280996894f03"
  integrity sha512-34wB/Y7MW7bzjKRjUKTa46I2Z7eV62Rkhva+KkopW7Qvv/OSWBqvkSY7vusOPrNuZcUG3tApvdVgNB8POj3SPw==

jsonc-parser@^3.2.0:
  version "3.2.0"
  resolved "https://registry.yarnpkg.com/jsonc-parser/-/jsonc-parser-3.2.0.tgz#31ff3f4c2b9793f89c67212627c51c6394f88e76"
  integrity sha512-gfFQZrcTc8CnKXp6Y4/CBT3fTc0OVuDofpre4aEeEpSBPV5X5v4+Vmx+8snU7RLPrNHPKSgLxGo9YuQzz20o+w==

magic-string@^0.27.0:
  version "0.27.0"
  resolved "https://registry.yarnpkg.com/magic-string/-/magic-string-0.27.0.tgz#e4a3413b4bab6d98d2becffd48b4a257effdbbf3"
  integrity sha512-8UnnX2PeRAPZuN12svgR9j7M1uWMovg/CEnIwIG0LFkXSJJe4PdfUGiTGl8V9bsBHFUtfVINcSyYxd7q+kx9fA==
  dependencies:
    "@jridgewell/sourcemap-codec" "^1.4.13"

minimatch@^5.0.1:
  version "5.1.5"
  resolved "https://registry.yarnpkg.com/minimatch/-/minimatch-5.1.5.tgz#cabd894be2c2091e01fd09211326dfd996ee022d"
  integrity sha512-CI8wwdrll4ehjPAqs8TL8lBPyNnpZlQI02Wn8C1weNz/QbUbjh3OMxgMKSnvqfKFdLlks3EzHB9tO0BqGc3phQ==
  dependencies:
    brace-expansion "^2.0.1"

ms@2.1.2:
  version "2.1.2"
  resolved "https://registry.yarnpkg.com/ms/-/ms-2.1.2.tgz#d09d1f357b443f493382a8eb3ccd183872ae6009"
  integrity sha512-sGkPx+VjMtmA6MX27oA4FBFELFCZZ4S4XqeGOXCv68tT+jb3vk/RyaKWP0PTKyWtmLSM0b+adUTEvbs1PEaH2w==

once@^1.3.0:
  version "1.4.0"
  resolved "https://registry.yarnpkg.com/once/-/once-1.4.0.tgz#583b1aa775961d4b113ac17d9c50baef9dd76bd1"
  integrity sha512-lNaJgI+2Q5URQBkccEKHTQOPaXdUxnZZElQTZY0MFUAuaEqe1E+Nyvgdz/aIyNi6Z9MzO5dv1H8n58/GELp3+w==
  dependencies:
    wrappy "1"

path-parse@^1.0.7:
  version "1.0.7"
  resolved "https://registry.yarnpkg.com/path-parse/-/path-parse-1.0.7.tgz#fbc114b60ca42b30d9daf5858e4bd68bbedb6735"
  integrity sha512-LDJzPVEEEPR+y48z93A0Ed0yXb8pAByGWo/k5YYdYgpY2/2EsOsksJrq7lOHxryrVOn1ejG6oAp8ahvOIQD8sw==

picomatch@^2.3.1:
  version "2.3.1"
  resolved "https://registry.yarnpkg.com/picomatch/-/picomatch-2.3.1.tgz#3ba3833733646d9d3e4995946c1365a67fb07a42"
  integrity sha512-JU3teHTNjmE2VCGFzuY8EXzCDVwEqB2a8fsIvwaStHhAWJEeVd1o1QD80CU6+ZdEXXSLbSsuLwJjkCBWqRQUVA==

resolve@^1.22.1:
  version "1.22.1"
  resolved "https://registry.yarnpkg.com/resolve/-/resolve-1.22.1.tgz#27cb2ebb53f91abb49470a928bba7558066ac177"
  integrity sha512-nBpuuYuY5jFsli/JIs1oldw6fOQCBioohqWZg/2hiaOybXOft4lonv85uDOKXdf8rhyK159cxU5cDcK/NKk8zw==
  dependencies:
    is-core-module "^2.9.0"
    path-parse "^1.0.7"
    supports-preserve-symlinks-flag "^1.0.0"

rollup-plugin-esbuild@5.0.0:
  version "5.0.0"
  resolved "https://registry.yarnpkg.com/rollup-plugin-esbuild/-/rollup-plugin-esbuild-5.0.0.tgz#6cce358f4abe164d65a0028e900b8501a15f72ef"
  integrity sha512-1cRIOHAPh8WQgdQQyyvFdeOdxuiyk+zB5zJ5+YOwrZP4cJ0MT3Fs48pQxrZeyZHcn+klFherytILVfE4aYrneg==
  dependencies:
    "@rollup/pluginutils" "^5.0.1"
    debug "^4.3.4"
    es-module-lexer "^1.0.5"
    joycon "^3.1.1"
    jsonc-parser "^3.2.0"

rollup@3.10.0:
  version "3.10.0"
  resolved "https://registry.yarnpkg.com/rollup/-/rollup-3.10.0.tgz#6eb19196d8b3b375ca651cb78261faac48e24cd6"
  integrity sha512-JmRYz44NjC1MjVF2VKxc0M1a97vn+cDxeqWmnwyAF4FvpjK8YFdHpaqvQB+3IxCvX05vJxKZkoMDU8TShhmJVA==
  optionalDependencies:
    fsevents "~2.3.2"

supports-preserve-symlinks-flag@^1.0.0:
  version "1.0.0"
  resolved "https://registry.yarnpkg.com/supports-preserve-symlinks-flag/-/supports-preserve-symlinks-flag-1.0.0.tgz#6eda4bd344a3c94aea376d4cc31bc77311039e09"
  integrity sha512-ot0WnXS9fgdkgIcePe6RHNk1WA8+muPa6cSjeR3V8K27q9BB1rTE3R1p7Hv0z1ZyAc8s6Vvv8DIyWf681MAt0w==

typescript@4.8.2:
  version "4.8.2"
  resolved "https://registry.yarnpkg.com/typescript/-/typescript-4.8.2.tgz#e3b33d5ccfb5914e4eeab6699cf208adee3fd790"
  integrity sha512-C0I1UsrrDHo2fYI5oaCGbSejwX4ch+9Y5jTQELvovfmFkK3HHSZJB8MSJcWLmCUBzQBchCrZ9rMRV6GuNrvGtw==

wrappy@1:
  version "1.0.2"
  resolved "https://registry.yarnpkg.com/wrappy/-/wrappy-1.0.2.tgz#b5243d8f3ec1aa35f1364605bc0d1036e30ab69f"
  integrity sha512-l4Sp/DRseor9wL6EvV2+TuQn63dMkPjZ/sp9XkghTEbV9KlPS1xUsZ3u7/IQO4wxtcFB4bgpQPRcR3QCvezPcQ==
